
Microsoft Visual Studio Solution File, Format Version 12.00
# Visual Studio Version 17
VisualStudioVersion = 17.9.34607.119
MinimumVisualStudioVersion = 10.0.40219.1
Project("{FAE04EC0-301F-11D3-BF4B-00C04F79EFBC}") = "Photo_Checker", "Photo_Checker.csproj", "{137DF694-80C0-40A0-A8F3-C3E5464D65F7}"
EndProject
Global
	GlobalSection(SolutionConfigurationPlatforms) = preSolution
		Debug|Any CPU = Debug|Any CPU
		Release|Any CPU = Release|Any CPU
	EndGlobalSection
	GlobalSection(ProjectConfigurationPlatforms) = postSolution
		{137DF694-80C0-40A0-A8F3-C3E5464D65F7}.Debug|Any CPU.ActiveCfg = Debug|Any CPU
		{137DF694-80C0-40A0-A8F3-C3E5464D65F7}.Debug|Any CPU.Build.0 = Debug|Any CPU
		{137DF694-80C0-40A0-A8F3-C3E5464D65F7}.Release|Any CPU.ActiveCfg = Release|Any CPU
		{137DF694-80C0-40A0-A8F3-C3E5464D65F7}.Release|Any CPU.Build.0 = Release|Any CPU
	EndGlobalSection
	GlobalSection(SolutionProperties) = preSolution
		HideSolutionNode = FALSE
	EndGlobalSection
	GlobalSection(ExtensibilityGlobals) = postSolution
		SolutionGuid = {C7EC30AA-A8C3-444D-9F6C-3D45A8C8BBAD}
	EndGlobalSection
EndGlobal
